// !$*UTF8*$!
{
	archiveVersion = 1;
	classes = {
	};
	objectVersion = 46;
	objects = {

/* Begin PBXBuildFile section */
		A1DA64F81F7649E700ABB93E /* KoaraHtml.framework in Frameworks */ = {isa = PBXBuildFile; fileRef = A1DA64EF1F7649E600ABB93E /* KoaraHtml.framework */; };
		A1DA650C1F764B9A00ABB93E /* Html5Renderer.swift in Sources */ = {isa = PBXBuildFile; fileRef = A1DA65091F764B9A00ABB93E /* Html5Renderer.swift */; };
		A1DA650E1F764B9A00ABB93E /* KoaraHtml.h in Headers */ = {isa = PBXBuildFile; fileRef = A1DA650B1F764B9A00ABB93E /* KoaraHtml.h */; settings = {ATTRIBUTES = (Public, ); }; };
		A1DA65111F764BD200ABB93E /* Html5RendererTests.swift in Sources */ = {isa = PBXBuildFile; fileRef = A1DA650F1F764BD200ABB93E /* Html5RendererTests.swift */; };
		A1DA65121F764BD200ABB93E /* Info.plist in Resources */ = {isa = PBXBuildFile; fileRef = A1DA65101F764BD200ABB93E /* Info.plist */; };
/* End PBXBuildFile section */

/* Begin PBXContainerItemProxy section */
		A1DA64F91F7649E700ABB93E /* PBXContainerItemProxy */ = {
			isa = PBXContainerItemProxy;
			containerPortal = A1DA64BE1F76456800ABB93E /* Project object */;
			proxyType = 1;
			remoteGlobalIDString = A1DA64EE1F7649E600ABB93E;
			remoteInfo = KoaraHtml;
		};
/* End PBXContainerItemProxy section */

/* Begin PBXFileReference section */
		A1DA64EF1F7649E600ABB93E /* KoaraHtml.framework */ = {isa = PBXFileReference; explicitFileType = wrapper.framework; includeInIndex = 0; path = KoaraHtml.framework; sourceTree = BUILT_PRODUCTS_DIR; };
		A1DA64F71F7649E700ABB93E /* KoaraHtml iOS Tests.xctest */ = {isa = PBXFileReference; explicitFileType = wrapper.cfbundle; includeInIndex = 0; path = "KoaraHtml iOS Tests.xctest"; sourceTree = BUILT_PRODUCTS_DIR; };
		A1DA65091F764B9A00ABB93E /* Html5Renderer.swift */ = {isa = PBXFileReference; fileEncoding = 4; lastKnownFileType = sourcecode.swift; name = Html5Renderer.swift; path = Source/Html5Renderer.swift; sourceTree = SOURCE_ROOT; };
		A1DA650A1F764B9A00ABB93E /* Info.plist */ = {isa = PBXFileReference; fileEncoding = 4; lastKnownFileType = text.plist.xml; name = Info.plist; path = Source/Info.plist; sourceTree = SOURCE_ROOT; };
		A1DA650B1F764B9A00ABB93E /* KoaraHtml.h */ = {isa = PBXFileReference; fileEncoding = 4; lastKnownFileType = sourcecode.c.h; name = KoaraHtml.h; path = Source/KoaraHtml.h; sourceTree = SOURCE_ROOT; };
		A1DA650F1F764BD200ABB93E /* Html5RendererTests.swift */ = {isa = PBXFileReference; fileEncoding = 4; lastKnownFileType = sourcecode.swift; name = Html5RendererTests.swift; path = Tests/Html5RendererTests.swift; sourceTree = SOURCE_ROOT; };
		A1DA65101F764BD200ABB93E /* Info.plist */ = {isa = PBXFileReference; fileEncoding = 4; lastKnownFileType = text.plist.xml; name = Info.plist; path = Tests/Info.plist; sourceTree = SOURCE_ROOT; };
/* End PBXFileReference section */

/* Begin PBXFrameworksBuildPhase section */
		A1DA64EB1F7649E600ABB93E /* Frameworks */ = {
			isa = PBXFrameworksBuildPhase;
			buildActionMask = 2147483647;
			files = (
			);
			runOnlyForDeploymentPostprocessing = 0;
		};
		A1DA64F41F7649E700ABB93E /* Frameworks */ = {
			isa = PBXFrameworksBuildPhase;
			buildActionMask = 2147483647;
			files = (
				A1DA64F81F7649E700ABB93E /* KoaraHtml.framework in Frameworks */,
			);
			runOnlyForDeploymentPostprocessing = 0;
		};
/* End PBXFrameworksBuildPhase section */

/* Begin PBXGroup section */
		A1DA64BD1F76456800ABB93E = {
			isa = PBXGroup;
			children = (
				A1DA64C91F76456800ABB93E /* Source */,
				A1DA64D41F76456900ABB93E /* Tests */,
				A1DA64C81F76456800ABB93E /* Products */,
			);
			sourceTree = "<group>";
		};
		A1DA64C81F76456800ABB93E /* Products */ = {
			isa = PBXGroup;
			children = (
				A1DA64EF1F7649E600ABB93E /* KoaraHtml.framework */,
				A1DA64F71F7649E700ABB93E /* KoaraHtml iOS Tests.xctest */,
			);
			name = Products;
			sourceTree = "<group>";
		};
		A1DA64C91F76456800ABB93E /* Source */ = {
			isa = PBXGroup;
			children = (
				A1DA65091F764B9A00ABB93E /* Html5Renderer.swift */,
				A1DA650A1F764B9A00ABB93E /* Info.plist */,
				A1DA650B1F764B9A00ABB93E /* KoaraHtml.h */,
			);
			name = Source;
			path = KoaraHtml;
			sourceTree = "<group>";
		};
		A1DA64D41F76456900ABB93E /* Tests */ = {
			isa = PBXGroup;
			children = (
				A1DA650F1F764BD200ABB93E /* Html5RendererTests.swift */,
				A1DA65101F764BD200ABB93E /* Info.plist */,
			);
			name = Tests;
			path = KoaraHtmlTests;
			sourceTree = "<group>";
		};
/* End PBXGroup section */

/* Begin PBXHeadersBuildPhase section */
		A1DA64EC1F7649E600ABB93E /* Headers */ = {
			isa = PBXHeadersBuildPhase;
			buildActionMask = 2147483647;
			files = (
				A1DA650E1F764B9A00ABB93E /* KoaraHtml.h in Headers */,
			);
			runOnlyForDeploymentPostprocessing = 0;
		};
/* End PBXHeadersBuildPhase section */

/* Begin PBXNativeTarget section */
		A1DA64EE1F7649E600ABB93E /* KoaraHtml iOS */ = {
			isa = PBXNativeTarget;
			buildConfigurationList = A1DA65001F7649E700ABB93E /* Build configuration list for PBXNativeTarget "KoaraHtml iOS" */;
			buildPhases = (
				A1DA64EA1F7649E600ABB93E /* Sources */,
				A1DA64EB1F7649E600ABB93E /* Frameworks */,
				A1DA64EC1F7649E600ABB93E /* Headers */,
				A1DA64ED1F7649E600ABB93E /* Resources */,
			);
			buildRules = (
			);
			dependencies = (
			);
			name = "KoaraHtml iOS";
			productName = KoaraHtml;
			productReference = A1DA64EF1F7649E600ABB93E /* KoaraHtml.framework */;
			productType = "com.apple.product-type.framework";
		};
		A1DA64F61F7649E700ABB93E /* KoaraHtml iOS Tests */ = {
			isa = PBXNativeTarget;
			buildConfigurationList = A1DA65031F7649E700ABB93E /* Build configuration list for PBXNativeTarget "KoaraHtml iOS Tests" */;
			buildPhases = (
				A1DA64F31F7649E700ABB93E /* Sources */,
				A1DA64F41F7649E700ABB93E /* Frameworks */,
				A1DA64F51F7649E700ABB93E /* Resources */,
			);
			buildRules = (
			);
			dependencies = (
				A1DA64FA1F7649E700ABB93E /* PBXTargetDependency */,
			);
			name = "KoaraHtml iOS Tests";
			productName = KoaraHtmlTests;
			productReference = A1DA64F71F7649E700ABB93E /* KoaraHtml iOS Tests.xctest */;
			productType = "com.apple.product-type.bundle.unit-test";
		};
/* End PBXNativeTarget section */

/* Begin PBXProject section */
		A1DA64BE1F76456800ABB93E /* Project object */ = {
			isa = PBXProject;
			attributes = {
				LastSwiftUpdateCheck = 0830;
				LastUpgradeCheck = 0830;
				ORGANIZATIONNAME = "Andy Van Den Heuvel";
				TargetAttributes = {
					A1DA64EE1F7649E600ABB93E = {
						CreatedOnToolsVersion = 8.3.3;
						DevelopmentTeam = 33THKT24T3;
						LastSwiftMigration = 0830;
						ProvisioningStyle = Automatic;
					};
					A1DA64F61F7649E700ABB93E = {
						CreatedOnToolsVersion = 8.3.3;
						DevelopmentTeam = 33THKT24T3;
						ProvisioningStyle = Automatic;
					};
				};
			};
			buildConfigurationList = A1DA64C11F76456800ABB93E /* Build configuration list for PBXProject "KoaraHtml" */;
			compatibilityVersion = "Xcode 3.2";
			developmentRegion = English;
			hasScannedForEncodings = 0;
			knownRegions = (
				en,
			);
			mainGroup = A1DA64BD1F76456800ABB93E;
			productRefGroup = A1DA64C81F76456800ABB93E /* Products */;
			projectDirPath = "";
			projectRoot = "";
			targets = (
				A1DA64EE1F7649E600ABB93E /* KoaraHtml iOS */,
				A1DA64F61F7649E700ABB93E /* KoaraHtml iOS Tests */,
			);
		};
/* End PBXProject section */

/* Begin PBXResourcesBuildPhase section */
		A1DA64ED1F7649E600ABB93E /* Resources */ = {
			isa = PBXResourcesBuildPhase;
			buildActionMask = 2147483647;
			files = (
				A1DA65121F764BD200ABB93E /* Info.plist in Resources */,
			);
			runOnlyForDeploymentPostprocessing = 0;
		};
		A1DA64F51F7649E700ABB93E /* Resources */ = {
			isa = PBXResourcesBuildPhase;
			buildActionMask = 2147483647;
			files = (
			);
			runOnlyForDeploymentPostprocessing = 0;
		};
/* End PBXResourcesBuildPhase section */

/* Begin PBXSourcesBuildPhase section */
		A1DA64EA1F7649E600ABB93E /* Sources */ = {
			isa = PBXSourcesBuildPhase;
			buildActionMask = 2147483647;
			files = (
				A1DA650C1F764B9A00ABB93E /* Html5Renderer.swift in Sources */,
				A1DA65111F764BD200ABB93E /* Html5RendererTests.swift in Sources */,
			);
			runOnlyForDeploymentPostprocessing = 0;
		};
		A1DA64F31F7649E700ABB93E /* Sources */ = {
			isa = PBXSourcesBuildPhase;
			buildActionMask = 2147483647;
			files = (
			);
			runOnlyForDeploymentPostprocessing = 0;
		};
/* End PBXSourcesBuildPhase section */

/* Begin PBXTargetDependency section */
		A1DA64FA1F7649E700ABB93E /* PBXTargetDependency */ = {
			isa = PBXTargetDependency;
			target = A1DA64EE1F7649E600ABB93E /* KoaraHtml iOS */;
			targetProxy = A1DA64F91F7649E700ABB93E /* PBXContainerItemProxy */;
		};
/* End PBXTargetDependency section */

/* Begin XCBuildConfiguration section */
		A1DA64D91F76456900ABB93E /* Debug */ = {
			isa = XCBuildConfiguration;
			buildSettings = {
				ALWAYS_SEARCH_USER_PATHS = NO;
				CLANG_ANALYZER_NONNULL = YES;
				CLANG_ANALYZER_NUMBER_OBJECT_CONVERSION = YES_AGGRESSIVE;
				CLANG_CXX_LANGUAGE_STANDARD = "gnu++0x";
				CLANG_CXX_LIBRARY = "libc++";
				CLANG_ENABLE_MODULES = YES;
				CLANG_ENABLE_OBJC_ARC = YES;
				CLANG_WARN_BOOL_CONVERSION = YES;
				CLANG_WARN_CONSTANT_CONVERSION = YES;
				CLANG_WARN_DIRECT_OBJC_ISA_USAGE = YES_ERROR;
				CLANG_WARN_DOCUMENTATION_COMMENTS = YES;
				CLANG_WARN_EMPTY_BODY = YES;
				CLANG_WARN_ENUM_CONVERSION = YES;
				CLANG_WARN_INFINITE_RECURSION = YES;
				CLANG_WARN_INT_CONVERSION = YES;
				CLANG_WARN_OBJC_ROOT_CLASS = YES_ERROR;
				CLANG_WARN_SUSPICIOUS_MOVE = YES;
				CLANG_WARN_UNREACHABLE_CODE = YES;
				CLANG_WARN__DUPLICATE_METHOD_MATCH = YES;
				"CODE_SIGN_IDENTITY[sdk=iphoneos*]" = "iPhone Developer";
				COPY_PHASE_STRIP = NO;
				CURRENT_PROJECT_VERSION = 1;
				DEBUG_INFORMATION_FORMAT = dwarf;
				ENABLE_STRICT_OBJC_MSGSEND = YES;
				ENABLE_TESTABILITY = YES;
				GCC_C_LANGUAGE_STANDARD = gnu99;
				GCC_DYNAMIC_NO_PIC = NO;
				GCC_NO_COMMON_BLOCKS = YES;
				GCC_OPTIMIZATION_LEVEL = 0;
				GCC_PREPROCESSOR_DEFINITIONS = (
					"DEBUG=1",
					"$(inherited)",
				);
				GCC_WARN_64_TO_32_BIT_CONVERSION = YES;
				GCC_WARN_ABOUT_RETURN_TYPE = YES_ERROR;
				GCC_WARN_UNDECLARED_SELECTOR = YES;
				GCC_WARN_UNINITIALIZED_AUTOS = YES_AGGRESSIVE;
				GCC_WARN_UNUSED_FUNCTION = YES;
				GCC_WARN_UNUSED_VARIABLE = YES;
				IPHONEOS_DEPLOYMENT_TARGET = 10.3;
				MTL_ENABLE_DEBUG_INFO = YES;
				ONLY_ACTIVE_ARCH = YES;
				SDKROOT = iphoneos;
				SWIFT_ACTIVE_COMPILATION_CONDITIONS = DEBUG;
				SWIFT_OPTIMIZATION_LEVEL = "-Onone";
				TARGETED_DEVICE_FAMILY = "1,2";
				VERSIONING_SYSTEM = "apple-generic";
				VERSION_INFO_PREFIX = "";
			};
			name = Debug;
		};
		A1DA64DA1F76456900ABB93E /* Release */ = {
			isa = XCBuildConfiguration;
			buildSettings = {
				ALWAYS_SEARCH_USER_PATHS = NO;
				CLANG_ANALYZER_NONNULL = YES;
				CLANG_ANALYZER_NUMBER_OBJECT_CONVERSION = YES_AGGRESSIVE;
				CLANG_CXX_LANGUAGE_STANDARD = "gnu++0x";
				CLANG_CXX_LIBRARY = "libc++";
				CLANG_ENABLE_MODULES = YES;
				CLANG_ENABLE_OBJC_ARC = YES;
				CLANG_WARN_BOOL_CONVERSION = YES;
				CLANG_WARN_CONSTANT_CONVERSION = YES;
				CLANG_WARN_DIRECT_OBJC_ISA_USAGE = YES_ERROR;
				CLANG_WARN_DOCUMENTATION_COMMENTS = YES;
				CLANG_WARN_EMPTY_BODY = YES;
				CLANG_WARN_ENUM_CONVERSION = YES;
				CLANG_WARN_INFINITE_RECURSION = YES;
				CLANG_WARN_INT_CONVERSION = YES;
				CLANG_WARN_OBJC_ROOT_CLASS = YES_ERROR;
				CLANG_WARN_SUSPICIOUS_MOVE = YES;
				CLANG_WARN_UNREACHABLE_CODE = YES;
				CLANG_WARN__DUPLICATE_METHOD_MATCH = YES;
				"CODE_SIGN_IDENTITY[sdk=iphoneos*]" = "iPhone Developer";
				COPY_PHASE_STRIP = NO;
				CURRENT_PROJECT_VERSION = 1;
				DEBUG_INFORMATION_FORMAT = "dwarf-with-dsym";
				ENABLE_NS_ASSERTIONS = NO;
				ENABLE_STRICT_OBJC_MSGSEND = YES;
				GCC_C_LANGUAGE_STANDARD = gnu99;
				GCC_NO_COMMON_BLOCKS = YES;
				GCC_WARN_64_TO_32_BIT_CONVERSION = YES;
				GCC_WARN_ABOUT_RETURN_TYPE = YES_ERROR;
				GCC_WARN_UNDECLARED_SELECTOR = YES;
				GCC_WARN_UNINITIALIZED_AUTOS = YES_AGGRESSIVE;
				GCC_WARN_UNUSED_FUNCTION = YES;
				GCC_WARN_UNUSED_VARIABLE = YES;
				IPHONEOS_DEPLOYMENT_TARGET = 10.3;
				MTL_ENABLE_DEBUG_INFO = NO;
				SDKROOT = iphoneos;
				SWIFT_OPTIMIZATION_LEVEL = "-Owholemodule";
				TARGETED_DEVICE_FAMILY = "1,2";
				VALIDATE_PRODUCT = YES;
				VERSIONING_SYSTEM = "apple-generic";
				VERSION_INFO_PREFIX = "";
			};
			name = Release;
		};
		A1DA65011F7649E700ABB93E /* Debug */ = {
			isa = XCBuildConfiguration;
			buildSettings = {
				CLANG_ENABLE_MODULES = YES;
				CODE_SIGN_IDENTITY = "";
				DEFINES_MODULE = YES;
				DEVELOPMENT_TEAM = 33THKT24T3;
				DYLIB_COMPATIBILITY_VERSION = 1;
				DYLIB_CURRENT_VERSION = 1;
				DYLIB_INSTALL_NAME_BASE = "@rpath";
				INFOPLIST_FILE = Source/Info.plist;
				INSTALL_PATH = "$(LOCAL_LIBRARY_DIR)/Frameworks";
				LD_RUNPATH_SEARCH_PATHS = "$(inherited) @executable_path/Frameworks @loader_path/Frameworks";
				PRODUCT_BUNDLE_IDENTIFIER = com.codeaddslife.koara.KoaraHtml;
				PRODUCT_NAME = KoaraHtml;
				SKIP_INSTALL = YES;
				SWIFT_OPTIMIZATION_LEVEL = "-Onone";
				SWIFT_VERSION = 3.0;
			};
			name = Debug;
		};
		A1DA65021F7649E700ABB93E /* Release */ = {
			isa = XCBuildConfiguration;
			buildSettings = {
				CLANG_ENABLE_MODULES = YES;
				CODE_SIGN_IDENTITY = "";
				DEFINES_MODULE = YES;
				DEVELOPMENT_TEAM = 33THKT24T3;
				DYLIB_COMPATIBILITY_VERSION = 1;
				DYLIB_CURRENT_VERSION = 1;
				DYLIB_INSTALL_NAME_BASE = "@rpath";
				INFOPLIST_FILE = Source/Info.plist;
				INSTALL_PATH = "$(LOCAL_LIBRARY_DIR)/Frameworks";
				LD_RUNPATH_SEARCH_PATHS = "$(inherited) @executable_path/Frameworks @loader_path/Frameworks";
				PRODUCT_BUNDLE_IDENTIFIER = com.codeaddslife.koara.KoaraHtml;
				PRODUCT_NAME = KoaraHtml;
				SKIP_INSTALL = YES;
				SWIFT_VERSION = 3.0;
			};
			name = Release;
		};
		A1DA65041F7649E700ABB93E /* Debug */ = {
			isa = XCBuildConfiguration;
			buildSettings = {
				ALWAYS_EMBED_SWIFT_STANDARD_LIBRARIES = YES;
				DEVELOPMENT_TEAM = 33THKT24T3;
				INFOPLIST_FILE = Tests/Info.plist;
				LD_RUNPATH_SEARCH_PATHS = "$(inherited) @executable_path/Frameworks @loader_path/Frameworks";
				PRODUCT_BUNDLE_IDENTIFIER = com.codeaddslife.koara.KoaraHtmlTests;
				PRODUCT_NAME = "$(TARGET_NAME)";
				SWIFT_VERSION = 3.0;
			};
			name = Debug;
		};
		A1DA65051F7649E700ABB93E /* Release */ = {
			isa = XCBuildConfiguration;
			buildSettings = {
				ALWAYS_EMBED_SWIFT_STANDARD_LIBRARIES = YES;
				DEVELOPMENT_TEAM = 33THKT24T3;
				INFOPLIST_FILE = Tests/Info.plist;
				LD_RUNPATH_SEARCH_PATHS = "$(inherited) @executable_path/Frameworks @loader_path/Frameworks";
				PRODUCT_BUNDLE_IDENTIFIER = com.codeaddslife.koara.KoaraHtmlTests;
				PRODUCT_NAME = "$(TARGET_NAME)";
				SWIFT_VERSION = 3.0;
			};
			name = Release;
		};
/* End XCBuildConfiguration section */

/* Begin XCConfigurationList section */
		A1DA64C11F76456800ABB93E /* Build configuration list for PBXProject "KoaraHtml" */ = {
			isa = XCConfigurationList;
			buildConfigurations = (
				A1DA64D91F76456900ABB93E /* Debug */,
				A1DA64DA1F76456900ABB93E /* Release */,
			);
			defaultConfigurationIsVisible = 0;
			defaultConfigurationName = Release;
		};
		A1DA65001F7649E700ABB93E /* Build configuration list for PBXNativeTarget "KoaraHtml iOS" */ = {
			isa = XCConfigurationList;
			buildConfigurations = (
				A1DA65011F7649E700ABB93E /* Debug */,
				A1DA65021F7649E700ABB93E /* Release */,
			);
			defaultConfigurationIsVisible = 0;
			defaultConfigurationName = Release;
		};
		A1DA65031F7649E700ABB93E /* Build configuration list for PBXNativeTarget "KoaraHtml iOS Tests" */ = {
			isa = XCConfigurationList;
			buildConfigurations = (
				A1DA65041F7649E700ABB93E /* Debug */,
				A1DA65051F7649E700ABB93E /* Release */,
			);
			defaultConfigurationIsVisible = 0;
			defaultConfigurationName = Release;
		};
/* End XCConfigurationList section */
	};
	rootObject = A1DA64BE1F76456800ABB93E /* Project object */;
}
